
Microsoft Visual Studio Solution File, Format Version 12.00
# Visual Studio Version 16
VisualStudioVersion = 16.0.29905.134
MinimumVisualStudioVersion = 10.0.40219.1
Project("{9A19103F-16F7-4668-BE54-9A1E7A4F7556}") = "PlaneLocation", "PlaneLocation\PlaneLocation.csproj", "{C511BDCB-DA7E-4A84-A454-497C435743C2}"
EndProject
Project("{FAE04EC0-301F-11D3-BF4B-00C04F79EFBC}") = "PlaneLocation.Infrastructure", "PlaneLocation.Infrastructure\PlaneLocation.Infrastructure.csproj", "{BA2266A1-B5D2-46FE-843D-CC35B9D17AEC}"
EndProject
Project("{FAE04EC0-301F-11D3-BF4B-00C04F79EFBC}") = "PlaneLocation.Domain", "PlaneLocation.Domain\PlaneLocation.Domain.csproj", "{2D033000-45B9-40F3-9DA9-5A62A8FDDC47}"
EndProject
Project("{FAE04EC0-301F-11D3-BF4B-00C04F79EFBC}") = "PlaneLocation.Business", "PlaneLocation.Business\PlaneLocation.Business.csproj", "{A5C6D876-B202-407D-BBC0-EE8BF2C50045}"
EndProject
Global
	GlobalSection(SolutionConfigurationPlatforms) = preSolution
		Debug|Any CPU = Debug|Any CPU
		Release|Any CPU = Release|Any CPU
	EndGlobalSection
	GlobalSection(ProjectConfigurationPlatforms) = postSolution
		{C511BDCB-DA7E-4A84-A454-497C435743C2}.Debug|Any CPU.ActiveCfg = Debug|Any CPU
		{C511BDCB-DA7E-4A84-A454-497C435743C2}.Debug|Any CPU.Build.0 = Debug|Any CPU
		{C511BDCB-DA7E-4A84-A454-497C435743C2}.Release|Any CPU.ActiveCfg = Release|Any CPU
		{C511BDCB-DA7E-4A84-A454-497C435743C2}.Release|Any CPU.Build.0 = Release|Any CPU
		{BA2266A1-B5D2-46FE-843D-CC35B9D17AEC}.Debug|Any CPU.ActiveCfg = Debug|Any CPU
		{BA2266A1-B5D2-46FE-843D-CC35B9D17AEC}.Debug|Any CPU.Build.0 = Debug|Any CPU
		{BA2266A1-B5D2-46FE-843D-CC35B9D17AEC}.Release|Any CPU.ActiveCfg = Release|Any CPU
		{BA2266A1-B5D2-46FE-843D-CC35B9D17AEC}.Release|Any CPU.Build.0 = Release|Any CPU
		{2D033000-45B9-40F3-9DA9-5A62A8FDDC47}.Debug|Any CPU.ActiveCfg = Debug|Any CPU
		{2D033000-45B9-40F3-9DA9-5A62A8FDDC47}.Debug|Any CPU.Build.0 = Debug|Any CPU
		{2D033000-45B9-40F3-9DA9-5A62A8FDDC47}.Release|Any CPU.ActiveCfg = Release|Any CPU
		{2D033000-45B9-40F3-9DA9-5A62A8FDDC47}.Release|Any CPU.Build.0 = Release|Any CPU
		{A5C6D876-B202-407D-BBC0-EE8BF2C50045}.Debug|Any CPU.ActiveCfg = Debug|Any CPU
		{A5C6D876-B202-407D-BBC0-EE8BF2C50045}.Debug|Any CPU.Build.0 = Debug|Any CPU
		{A5C6D876-B202-407D-BBC0-EE8BF2C50045}.Release|Any CPU.ActiveCfg = Release|Any CPU
		{A5C6D876-B202-407D-BBC0-EE8BF2C50045}.Release|Any CPU.Build.0 = Release|Any CPU
	EndGlobalSection
	GlobalSection(SolutionProperties) = preSolution
		HideSolutionNode = FALSE
	EndGlobalSection
	GlobalSection(ExtensibilityGlobals) = postSolution
		SolutionGuid = {7D0DB5E6-43A3-4E53-8A5E-AE5E6ADCE8BB}
	EndGlobalSection
EndGlobal
